
Microsoft Visual Studio Solution File, Format Version 12.00
# Visual Studio Version 16
VisualStudioVersion = 16.0.32228.343
MinimumVisualStudioVersion = 10.0.40219.1
Project("{FAE04EC0-301F-11D3-BF4B-00C04F79EFBC}") = "ClientUtils", "ClientUtils\ClientUtils.csproj", "{0C3FBEDA-3FAE-4AD9-A2AC-4E48F2121522}"
EndProject
Global
	GlobalSection(SolutionConfigurationPlatforms) = preSolution
		Debug|Any CPU = Debug|Any CPU
		Release|Any CPU = Release|Any CPU
	EndGlobalSection
	GlobalSection(ProjectConfigurationPlatforms) = postSolution
		{0C3FBEDA-3FAE-4AD9-A2AC-4E48F2121522}.Debug|Any CPU.ActiveCfg = Debug|Any CPU
		{0C3FBEDA-3FAE-4AD9-A2AC-4E48F2121522}.Debug|Any CPU.Build.0 = Debug|Any CPU
		{0C3FBEDA-3FAE-4AD9-A2AC-4E48F2121522}.Release|Any CPU.ActiveCfg = Release|Any CPU
		{0C3FBEDA-3FAE-4AD9-A2AC-4E48F2121522}.Release|Any CPU.Build.0 = Release|Any CPU
	EndGlobalSection
	GlobalSection(SolutionProperties) = preSolution
		HideSolutionNode = FALSE
	EndGlobalSection
	GlobalSection(ExtensibilityGlobals) = postSolution
		SolutionGuid = {4E8C8CAF-B614-4789-94D8-E6E3BF1882CE}
	EndGlobalSection
EndGlobal
